autoconf=2.71-3
automake=1:1.16.5-1.3ubuntu1
autotools-dev=20220109.1
blt=2.5.3+dfsg-7build1
bsdutils=1:2.39.3-9ubuntu6.6
bzip2=1.0.8-5.1ubuntu0.1
comerr-dev=2.1-1.47.0-2.4~exp1ubuntu4.1
cppzmq-dev=4.10.0-1build1
curl=8.5.0-2ubuntu10.13
default-libmysqlclient-dev=1.1.0build1
fonts-lyx=2.4.0~RC3-1build4
fonts-open-sans=1.11-2
freeglut3-dev=3.4.0-1build1
gdal-data=3.8.4+dfsg-3ubuntu3
gdal-plugins=3.8.4+dfsg-3ubuntu3
gir1.2-glib-2.0=2.80.0-6ubuntu3.8
gir1.2-ibus-1.0=1.5.29-2
glslang-dev=15.1.0-2~ubuntu0.24.04.2
glslc=2023.8-1build1
hdf5-helpers=1.10.10+repack-3.1ubuntu4
hicolor-icon-theme=0.17-2
ibverbs-providers=50.0-2ubuntu0.2
icu-devtools=74.2-1ubuntu3.1
iso-codes=4.16.0-1
krb5-multidev=1.20.1-6ubuntu2.8
libaec-dev=1.1.2-1build1
libaec0=1.1.2-1build1
libamd-comgr2=6.0+git20231212.4510c28+dfsg-3build2
libamdhip64-5=5.7.1-3
libaom-dev=3.8.2-2ubuntu0.1
libarmadillo-dev=1:12.6.7+dfsg-1build2
libarmadillo12=1:12.6.7+dfsg-1build2
libarpack2-dev=3.9.1-1.1build2
libarpack2t64=3.9.1-1.1build2
libasound2-data=1.2.11-1ubuntu0.3
libasound2-dev=1.2.11-1ubuntu0.3
libasound2t64=1.2.11-1ubuntu0.3
libass9=1:0.17.1-2build1
libassimp-dev=5.3.1+ds-2build1
libassimp5=5.3.1+ds-2build1
libasyncns0=0.8-6build4
libavahi-client3=0.8-13ubuntu6.2
libavahi-common-data=0.8-13ubuntu6.2
libavahi-common3=0.8-13ubuntu6.2
libavc1394-0=0.5.4-5build3
libavcodec-dev=7:6.1.1-3ubuntu5
libavcodec60=7:6.1.1-3ubuntu5
libavdevice-dev=7:6.1.1-3ubuntu5
libavdevice60=7:6.1.1-3ubuntu5
libavfilter-dev=7:6.1.1-3ubuntu5
libavfilter9=7:6.1.1-3ubuntu5
libavformat-dev=7:6.1.1-3ubuntu5
libavformat60=7:6.1.1-3ubuntu5
libavutil-dev=7:6.1.1-3ubuntu5
libavutil58=7:6.1.1-3ubuntu5
libbenchmark-dev=1.8.3-3
libbenchmark1.8.3=1.8.3-3
libblas-dev=3.12.0-3build1.1
libblkid-dev=2.39.3-9ubuntu6.6
libblkid1=2.39.3-9ubuntu6.6
libblosc-dev=1.21.5+ds-1build1
libblosc1=1.21.5+ds-1build1
libbluray2=1:1.3.4-1build1
libboost-atomic1.83-dev=1.83.0-2.1ubuntu3.2
libboost-atomic1.83.0=1.83.0-2.1ubuntu3.2
libboost-chrono1.83-dev=1.83.0-2.1ubuntu3.2
libboost-chrono1.83.0t64=1.83.0-2.1ubuntu3.2
libboost-date-time-dev=1.83.0.1ubuntu2
libboost-date-time1.83-dev=1.83.0-2.1ubuntu3.2
libboost-date-time1.83.0=1.83.0-2.1ubuntu3.2
libboost-dev=1.83.0.1ubuntu2
libboost-python1.83.0=1.83.0-2.1ubuntu3.2
libboost-regex-dev=1.83.0.1ubuntu2
libboost-regex1.83-dev=1.83.0-2.1ubuntu3.2
libboost-regex1.83.0=1.83.0-2.1ubuntu3.2
libboost-serialization1.83-dev=1.83.0-2.1ubuntu3.2
libboost-serialization1.83.0=1.83.0-2.1ubuntu3.2
libboost-system-dev=1.83.0.1ubuntu2
libboost-system1.83-dev=1.83.0-2.1ubuntu3.2
libboost-system1.83.0=1.83.0-2.1ubuntu3.2
libboost-thread-dev=1.83.0.1ubuntu2
libboost-thread1.83-dev=1.83.0-2.1ubuntu3.2
libboost-thread1.83.0=1.83.0-2.1ubuntu3.2
libboost1.83-dev=1.83.0-2.1ubuntu3.2
libbrotli-dev=1.1.0-2build2
libbs2b0=3.1.0+dfsg-7build1
libbsd-dev=0.12.1-1build1.1
libbz2-1.0=1.0.8-5.1ubuntu0.1
libbz2-dev=1.0.8-5.1ubuntu0.1
libcaca0=0.99.beta20-4ubuntu0.2
libcairo-gobject2=1.18.0-3build1
libcap2-bin=1:2.66-5ubuntu2.4
libccd-dev=2.1-2
libccd2=2.1-2
libcdio-cdda2t64=10.2+2.0.1-1.1build2
libcdio-paranoia2t64=10.2+2.0.1-1.1build2
libcdio19t64=2.1.0-4.1ubuntu1.2
libcfitsio-dev=4.3.1-1.1build2
libcfitsio10t64=4.3.1-1.1build2
libcharls2=2.4.2-2build2
libchromaprint1=1.5.1-5
libcjson1=1.7.17-1
libclang1-18=1:18.1.3-1ubuntu1
libcli11-dev=2.4.1+ds-1
libcodec2-1.2=1.2.0-2build1
libcups2t64=2.4.7-1.2ubuntu7.14
libcurl3t64-gnutls=8.5.0-2ubuntu10.13
libcurl4-openssl-dev=8.5.0-2ubuntu10.13
libcurl4t64=8.5.0-2ubuntu10.13
libdav1d-dev=1.4.1-1build1
libdav1d7=1.4.1-1build1
libdbus-1-dev=1.14.10-4ubuntu4.1
libdc1394-25=2.2.6-4build1
libdc1394-dev=2.2.6-4build1
libde265-0=1.0.15-1ubuntu0.1
libde265-dev=1.0.15-1ubuntu0.1
libdecor-0-0=0.2.2-1build2
libdecor-0-dev=0.2.2-1build2
libdeflate-dev=1.19-1build1.1
libdouble-conversion3=3.3.0-1build1
libdraco8=1.5.6+dfsg-3build1
libdrm-amdgpu1=2.4.125-1ubuntu0.1~24.04.2
libdrm-common=2.4.125-1ubuntu0.1~24.04.2
libdrm-dev=2.4.125-1ubuntu0.1~24.04.2
libdrm-intel1=2.4.125-1ubuntu0.1~24.04.2
libdrm-nouveau2=2.4.125-1ubuntu0.1~24.04.2
libdrm-radeon1=2.4.125-1ubuntu0.1~24.04.2
libdrm2=2.4.125-1ubuntu0.1~24.04.2
libdw1t64=0.190-1.1ubuntu0.1
libedit2=3.1-20230828-1build1
libegl-dev=1.7.0-1build1
libegl-mesa0=25.2.8-0ubuntu0.24.04.2
libegl1=1.7.0-1build1
libelf1t64=0.190-1.1ubuntu0.1
libevdev2=1.13.1+dfsg-1build1
libevent-core-2.1-7t64=2.1.12-stable-9ubuntu2
libevent-pthreads-2.1-7t64=2.1.12-stable-9ubuntu2
libexif-dev=0.6.24-1ubuntu0.24.04.1
libexif12=0.6.24-1ubuntu0.24.04.1
libfabric1=1.17.0-3build2
libfcl-dev=0.7.0-3build2
libfcl0.7=0.7.0-3build2
libffi-dev=3.4.6-1build1
libfftw3-double3=3.3.10-1ubuntu3
libflac12t64=1.4.3+ds-2.1ubuntu2
libflite1=2.2-6build3
libfreeimage-dev=3.18.0+ds2-10build4
libfreeimage3=3.18.0+ds2-10build4
libfreetype-dev=2.13.2+dfsg-1ubuntu0.1
libfreexl-dev=2.0.0-1build2
libfreexl1=2.0.0-1build2
libfyba-dev=4.1.1-11build1
libfyba0t64=4.1.1-11build1
libgbm-dev=25.2.8-0ubuntu0.24.04.2
libgbm1=25.2.8-0ubuntu0.24.04.2
libgdal-dev=3.8.4+dfsg-3ubuntu3
libgdal34t64=3.8.4+dfsg-3ubuntu3
libgdcm-dev=3.0.22-2.1ubuntu1
libgdcm3.0t64=3.0.22-2.1ubuntu1
libgdk-pixbuf-2.0-0=2.42.10+dfsg-3ubuntu3.3
libgdk-pixbuf2.0-common=2.42.10+dfsg-3ubuntu3.3
libgeos-c1t64=3.12.1-3build1
libgeos-dev=3.12.1-3build1
libgeos3.12.1t64=3.12.1-3build1
libgeotiff-dev=1.7.1-5build1
libgeotiff5=1.7.1-5build1
libgflags-dev=2.2.2-2build1
libgflags2.2=2.2.2-2build1
libgif-dev=5.2.2-1ubuntu1.2
libgif7=5.2.2-1ubuntu1.2
libgirepository-2.0-0=2.80.0-6ubuntu3.8
libgl-dev=1.7.0-1build1
libgl1-mesa-dev=25.2.8-0ubuntu0.24.04.2
libgl1-mesa-dri=25.2.8-0ubuntu0.24.04.2
libgl1=1.7.0-1build1
libgl2ps1.4=1.4.2+dfsg1-2build1
libgles-dev=1.7.0-1build1
libgles1=1.7.0-1build1
libgles2=1.7.0-1build1
libglew-dev=2.2.0-4build1
libglew2.2=2.2.0-4build1
libglib2.0-bin=2.80.0-6ubuntu3.8
libglib2.0-data=2.80.0-6ubuntu3.8
libglib2.0-dev-bin=2.80.0-6ubuntu3.8
libglib2.0-dev=2.80.0-6ubuntu3.8
libglu1-mesa-dev=9.0.2-1.1build1
libglu1-mesa=9.0.2-1.1build1
libglut-dev=3.4.0-1build1
libglut3.12=3.4.0-1build1
libglvnd-core-dev=1.7.0-1build1
libglvnd-dev=1.7.0-1build1
libglvnd0=1.7.0-1build1
libglx-dev=1.7.0-1build1
libglx-mesa0=25.2.8-0ubuntu0.24.04.2
libglx0=1.7.0-1build1
libgme0=0.6.3-7build1
libgphoto2-6t64=2.5.31-2.1ubuntu1.1
libgphoto2-dev=2.5.31-2.1ubuntu1.1
libgphoto2-port12t64=2.5.31-2.1ubuntu1.1
libgsm1=1.0.22-1build1
libgssrpc4t64=1.20.1-6ubuntu2.8
libgstreamer-plugins-base1.0-0=1.24.2-1ubuntu0.4
libgstreamer1.0-0=1.24.2-1ubuntu0.1
libgts-dev=0.7.6+darcs121130-5.2build1
libgudev-1.0-0=1:238-5ubuntu1
libhdf4-0-alt=4.2.16-4build1
libhdf4-alt-dev=4.2.16-4build1
libhdf5-103-1t64=1.10.10+repack-3.1ubuntu4
libhdf5-cpp-103-1t64=1.10.10+repack-3.1ubuntu4
libhdf5-dev=1.10.10+repack-3.1ubuntu4
libhdf5-fortran-102t64=1.10.10+repack-3.1ubuntu4
libhdf5-hl-100t64=1.10.10+repack-3.1ubuntu4
libhdf5-hl-cpp-100t64=1.10.10+repack-3.1ubuntu4
libhdf5-hl-fortran-100t64=1.10.10+repack-3.1ubuntu4
libheif-dev=1.17.6-1ubuntu4.8
libheif-plugin-aomdec=1.17.6-1ubuntu4.8
libheif1=1.17.6-1ubuntu4.8
libhsa-runtime64-1=5.7.1-2build1
libhsakmt1=5.7.0-1build1
libhwloc-plugins=2.10.0-1build1
libhwloc15=2.10.0-1build1
libhwy1t64=1.0.7-8.1build1
libibus-1.0-5=1.5.29-2
libibus-1.0-dev=1.5.29-2
libibverbs1=50.0-2ubuntu0.2
libice-dev=2:1.0.10-1build3
libicu-dev=74.2-1ubuntu3.1
libiec61883-0=1.2.0-6build1
libimagequant0=2.18.0-1build1
libimath-3-1-29t64=3.1.9-3.1ubuntu2
libimath-dev=3.1.9-3.1ubuntu2
libinput-bin=1.25.0-1ubuntu3.6
libinput10=1.25.0-1ubuntu3.6
libjack-jackd2-0=1.9.21~dfsg-3ubuntu3
libjbig-dev=2.1-6.1ubuntu2
libjpeg-dev=8c-2ubuntu11
libjpeg-turbo8-dev=2.1.5-2ubuntu2
libjpeg8-dev=8c-2ubuntu11
libjs-jquery-ui=1.13.2+dfsg-1
libjson-c-dev=0.17-1build1
libjson-c5=0.17-1build1
libjsoncpp-dev=1.9.5-6build1
libjxl0.7=0.7.0-10.2ubuntu6.1
libjxr0t64=1.2~git20170615.f752187-5.1ubuntu2
libkadm5clnt-mit12=1.20.1-6ubuntu2.8
libkadm5srv-mit12=1.20.1-6ubuntu2.8
libkdb5-10t64=1.20.1-6ubuntu2.8
libkml-dev=1.3.0-12build1
libkmlbase1t64=1.3.0-12build1
libkmlconvenience1t64=1.3.0-12build1
libkmldom1t64=1.3.0-12build1
libkmlengine1t64=1.3.0-12build1
libkmlregionator1t64=1.3.0-12build1
libkmlxsd1t64=1.3.0-12build1
libkrb5-dev=1.20.1-6ubuntu2.8
liblapack-dev=3.12.0-3build1.1
liblbfgsb0=3.0+dfsg.4-1build1
liblcms2-2=2.14-2ubuntu0.1
liblept5=1.82.0-3build4
liblerc-dev=4.0.0+ds-4ubuntu2
liblilv-0-0=0.24.22-1build1
libllvm17t64=1:17.0.6-9ubuntu1
libllvm18=1:18.1.3-1ubuntu1
libllvm20=1:20.1.2-0ubuntu1~24.04.3
libltdl-dev=2.4.7-7build1
liblzma-dev=5.6.1+really5.4.5-1ubuntu0.3
libmbedcrypto7t64=2.28.8-1
libmd-dev=1.1.0-2build1.1
libmd4c0=0.4.8-1build1
libminizip-dev=1:1.3.dfsg-3.1ubuntu2.2
libminizip1t64=1:1.3.dfsg-3.1ubuntu2.2
libmount-dev=2.39.3-9ubuntu6.6
libmount1=2.39.3-9ubuntu6.6
libmp3lame0=3.100-6build1
libmpg123-0t64=1.32.5-1ubuntu1.1
libmtdev1t64=1.1.6-1.1build1
libmunge2=0.5.15-4ubuntu0.1
libmysofa1=1.3.2+dfsg-2ubuntu2
libmysqlclient-dev=8.0.46-0ubuntu0.24.04.4
libmysqlclient21=8.0.46-0ubuntu0.24.04.4
libncurses6=6.4+20240113-1ubuntu2.1
libnetcdf-dev=1:4.9.2-5ubuntu4
libnetcdf19t64=1:4.9.2-5ubuntu4
libnl-3-200=3.7.0-0.3build1.1
libnl-route-3-200=3.7.0-0.3build1.1
libnorm-dev=1.5.9+dfsg-3.1build1
libnorm1t64=1.5.9+dfsg-3.1build1
libnspr4=2:4.35-1.1build1
libnss3=2:3.98-1ubuntu0.2
liboctomap-dev=1.9.7+dfsg-3.1build3
liboctomap1.9t64=1.9.7+dfsg-3.1build3
libodbc2=2.3.12-1ubuntu0.24.04.1
libodbccr2=2.3.12-1ubuntu0.24.04.1
libodbcinst2=2.3.12-1ubuntu0.24.04.1
libode-dev=2:0.16.2-1.1build1
libode8t64=2:0.16.2-1.1build1
libogdi-dev=4.1.1+ds-3build1
libogdi4.1=4.1.1+ds-3build1
libogg-dev=1.3.5-3build1
libogg0=1.3.5-3build1
libogre-1.9-dev=1.9.0+dfsg1-14.1build2
libogre-1.9.0t64=1.9.0+dfsg1-14.1build2
libopenal-data=1:1.23.1-4build1
libopenal1=1:1.23.1-4build1
libopencv-calib3d-dev=4.6.0+dfsg-13.1ubuntu1
libopencv-calib3d406t64=4.6.0+dfsg-13.1ubuntu1
libopencv-contrib-dev=4.6.0+dfsg-13.1ubuntu1
libopencv-contrib406t64=4.6.0+dfsg-13.1ubuntu1
libopencv-core-dev=4.6.0+dfsg-13.1ubuntu1
libopencv-core406t64=4.6.0+dfsg-13.1ubuntu1
libopencv-dev=4.6.0+dfsg-13.1ubuntu1
libopencv-dnn-dev=4.6.0+dfsg-13.1ubuntu1
libopencv-dnn406t64=4.6.0+dfsg-13.1ubuntu1
libopencv-features2d-dev=4.6.0+dfsg-13.1ubuntu1
libopencv-features2d406t64=4.6.0+dfsg-13.1ubuntu1
libopencv-flann-dev=4.6.0+dfsg-13.1ubuntu1
libopencv-flann406t64=4.6.0+dfsg-13.1ubuntu1
libopencv-highgui-dev=4.6.0+dfsg-13.1ubuntu1
libopencv-highgui406t64=4.6.0+dfsg-13.1ubuntu1
libopencv-imgcodecs-dev=4.6.0+dfsg-13.1ubuntu1
libopencv-imgcodecs406t64=4.6.0+dfsg-13.1ubuntu1
libopencv-imgproc-dev=4.6.0+dfsg-13.1ubuntu1
libopencv-imgproc406t64=4.6.0+dfsg-13.1ubuntu1
libopencv-ml-dev=4.6.0+dfsg-13.1ubuntu1
libopencv-ml406t64=4.6.0+dfsg-13.1ubuntu1
libopencv-objdetect-dev=4.6.0+dfsg-13.1ubuntu1
libopencv-objdetect406t64=4.6.0+dfsg-13.1ubuntu1
libopencv-photo-dev=4.6.0+dfsg-13.1ubuntu1
libopencv-photo406t64=4.6.0+dfsg-13.1ubuntu1
libopencv-shape-dev=4.6.0+dfsg-13.1ubuntu1
libopencv-shape406t64=4.6.0+dfsg-13.1ubuntu1
libopencv-stitching-dev=4.6.0+dfsg-13.1ubuntu1
libopencv-stitching406t64=4.6.0+dfsg-13.1ubuntu1
libopencv-superres-dev=4.6.0+dfsg-13.1ubuntu1
libopencv-superres406t64=4.6.0+dfsg-13.1ubuntu1
libopencv-video-dev=4.6.0+dfsg-13.1ubuntu1
libopencv-video406t64=4.6.0+dfsg-13.1ubuntu1
libopencv-videoio-dev=4.6.0+dfsg-13.1ubuntu1
libopencv-videoio406t64=4.6.0+dfsg-13.1ubuntu1
libopencv-videostab-dev=4.6.0+dfsg-13.1ubuntu1
libopencv-videostab406t64=4.6.0+dfsg-13.1ubuntu1
libopencv-viz-dev=4.6.0+dfsg-13.1ubuntu1
libopencv-viz406t64=4.6.0+dfsg-13.1ubuntu1
libopenexr-3-1-30=3.1.5-5.1build3
libopenexr-dev=3.1.5-5.1build3
libopengl-dev=1.7.0-1build1
libopengl0=1.7.0-1build1
libopenjp2-7-dev=2.5.0-2ubuntu0.5
libopenjp2-7=2.5.0-2ubuntu0.5
libopenmpi3t64=4.1.6-7ubuntu2
libopenmpt0t64=0.7.3-1.1build3
libopus0=1.4-1build1
liborc-0.4-0t64=1:0.4.38-1ubuntu0.1
libpciaccess-dev=0.17-3ubuntu0.24.04.2
libpciaccess0=0.17-3ubuntu0.24.04.2
libpcre16-3=2:8.39-15build1
libpcre2-16-0=10.42-4ubuntu2.1
libpcre2-32-0=10.42-4ubuntu2.1
libpcre2-dev=10.42-4ubuntu2.1
libpcre2-posix3=10.42-4ubuntu2.1
libpcre3-dev=2:8.39-15build1
libpcre32-3=2:8.39-15build1
libpcre3=2:8.39-15build1
libpcrecpp0v5=2:8.39-15build1
libpgm-5.3-0t64=5.3.128~dfsg-2.1build1
libpgm-dev=5.3.128~dfsg-2.1build1
libplacebo338=6.338.2-2build1
libpmix2t64=5.0.1-4.1build1
libpng-dev=1.6.43-5ubuntu0.6
libpocketsphinx3=0.8.0+real5prealpha+1-15ubuntu5
libpoco-dev=1.11.0-4.1build2
libpocoactiverecord80t64=1.11.0-4.1build2
libpococrypto80t64=1.11.0-4.1build2
libpocodata80t64=1.11.0-4.1build2
libpocodatamysql80t64=1.11.0-4.1build2
libpocodataodbc80t64=1.11.0-4.1build2
libpocodatapostgresql80t64=1.11.0-4.1build2
libpocodatasqlite80t64=1.11.0-4.1build2
libpocoencodings80t64=1.11.0-4.1build2
libpocofoundation80t64=1.11.0-4.1build2
libpocojson80t64=1.11.0-4.1build2
libpocojwt80t64=1.11.0-4.1build2
libpocomongodb80t64=1.11.0-4.1build2
libpoconet80t64=1.11.0-4.1build2
libpoconetssl80t64=1.11.0-4.1build2
libpocoredis80t64=1.11.0-4.1build2
libpocoutil80t64=1.11.0-4.1build2
libpocoxml80t64=1.11.0-4.1build2
libpocozip80t64=1.11.0-4.1build2
libpoppler-dev=24.02.0-1ubuntu9.9
libpoppler-private-dev=24.02.0-1ubuntu9.9
libpoppler134=24.02.0-1ubuntu9.9
libpostproc-dev=7:6.1.1-3ubuntu5
libpostproc57=7:6.1.1-3ubuntu5
libpq-dev=16.15-0ubuntu0.24.04.1
libpq5=16.15-0ubuntu0.24.04.1
libproj-dev=9.4.0-1build2
libproj25=9.4.0-1build2
libprotobuf-dev=3.21.12-8.2ubuntu0.3
libprotobuf-lite32t64=3.21.12-8.2ubuntu0.3
libprotobuf32t64=3.21.12-8.2ubuntu0.3
libprotoc-dev=3.21.12-8.2ubuntu0.3
libprotoc32t64=3.21.12-8.2ubuntu0.3
libpsm-infinipath1=3.3+20.604758e7-6.3build1
libpsm2-2=11.2.185-2build1
libpthread-stubs0-dev=0.4-1build3
libpugixml-dev=1.14-0.1build1
libpugixml1v5=1.14-0.1build1
libpulse-dev=1:16.1+dfsg1-2ubuntu10.1
libpulse-mainloop-glib0=1:16.1+dfsg1-2ubuntu10.1
libpulse0=1:16.1+dfsg1-2ubuntu10.1
libpyside2-dev=5.15.13-1
libpyside2-py3-5.15t64=5.15.13-1
libqhull-dev=2020.2-6build1
libqhull-r8.0=2020.2-6build1
libqhull8.0=2020.2-6build1
libqhullcpp8.0=2020.2-6build1
libqt5charts5=5.15.13-1
libqt5concurrent5t64=5.15.13+dfsg-1ubuntu1
libqt5core5t64=5.15.13+dfsg-1ubuntu1
libqt5dbus5t64=5.15.13+dfsg-1ubuntu1
libqt5designer5=5.15.13-1
libqt5gui5t64=5.15.13+dfsg-1ubuntu1
libqt5help5=5.15.13-1
libqt5location5-plugins=5.15.13+dfsg-1
libqt5location5=5.15.13+dfsg-1
libqt5network5t64=5.15.13+dfsg-1ubuntu1
libqt5opengl5t64=5.15.13+dfsg-1ubuntu1
libqt5positioning5-plugins=5.15.13+dfsg-1
libqt5positioning5=5.15.13+dfsg-1
libqt5positioningquick5=5.15.13+dfsg-1
libqt5printsupport5t64=5.15.13+dfsg-1ubuntu1
libqt5qml5=5.15.13+dfsg-1ubuntu0.1
libqt5qmlmodels5=5.15.13+dfsg-1ubuntu0.1
libqt5qmlworkerscript5=5.15.13+dfsg-1ubuntu0.1
libqt5quick5=5.15.13+dfsg-1ubuntu0.1
libqt5quickcontrols2-5=5.15.13+dfsg-1
libqt5quickparticles5=5.15.13+dfsg-1ubuntu0.1
libqt5quickshapes5=5.15.13+dfsg-1ubuntu0.1
libqt5quicktemplates2-5=5.15.13+dfsg-1
libqt5quicktest5=5.15.13+dfsg-1ubuntu0.1
libqt5quickwidgets5=5.15.13+dfsg-1ubuntu0.1
libqt5serialport5=5.15.13-1
libqt5sql5t64=5.15.13+dfsg-1ubuntu1
libqt5svg5=5.15.13-1
libqt5test5t64=5.15.13+dfsg-1ubuntu1
libqt5widgets5t64=5.15.13+dfsg-1ubuntu1
libqt5xml5t64=5.15.13+dfsg-1ubuntu1
librabbitmq4=0.11.0-1ubuntu0.1
libraqm0=0.10.1-1build1
librav1e0=0.7.1-2
libraw1394-11=2.1.2-2build3
libraw1394-dev=2.1.2-2build3
libraw23t64=0.21.2-2.1ubuntu0.24.04.2
librdmacm1t64=50.0-2ubuntu0.2
librist4=0.2.10+dfsg-2
librsvg2-2=2.58.0+dfsg-1build1
librttopo-dev=1.1.0-3build2
librttopo1=1.1.0-3build2
librubberband2=3.3.0+dfsg-2build1
libruby3.2=3.2.3-1ubuntu0.24.04.8
libruby=1:3.2~ubuntu1
libsamplerate0-dev=0.2.2-4build1
libsamplerate0=0.2.2-4build1
libsdl2-2.0-0=2.30.0+dfsg-1ubuntu3.1
libsdl2-dev=2.30.0+dfsg-1ubuntu3.1
libselinux1-dev=3.5-2ubuntu2.1
libsensors-config=1:3.6.0-9build1
libsensors5=1:3.6.0-9build1
libsepol-dev=3.5-2build1
libserd-0-0=0.32.2-1
libshaderc-dev=2023.8-1build1
libshaderc1=2023.8-1build1
libsharpyuv-dev=1.3.2-0.4build3
libshiboken2-dev=5.15.13-1
libshiboken2-py3-5.15t64=5.15.13-1
libshine3=3.1.1-2build1
libslang2=2.3.3-3build2
libsm-dev=2:1.2.3-1build3
libsmartcols1=2.39.3-9ubuntu6.6
libsnappy1v5=1.1.10-1build1
libsndfile1=1.2.2-1ubuntu5.24.04.1
libsndio-dev=1.9.0-0.3build3
libsndio7.0=1.9.0-0.3build3
libsocket++1=1.12.13+git20131030.5d039ba-1build1
libsodium-dev=1.0.18-1ubuntu0.24.04.1
libsodium23=1.0.18-1ubuntu0.24.04.1
libsord-0-0=0.16.16-2build1
libsoxr0=0.1.3-4build3
libspatialite-dev=5.1.0-3build1
libspatialite8t64=5.1.0-3build1
libspeex1=1.2.1-2ubuntu2.24.04.1
libsphinxbase3t64=0.8+5prealpha+1-17build2
libsratom-0-0=0.6.16-1build1
libsrt1.5-gnutls=1.5.3-1build2
libssh-4=0.10.6-2ubuntu0.5
libssh-gcrypt-4=0.10.6-2ubuntu0.5
libsuperlu-dev=6.0.1+dfsg1-1build1
libsuperlu6=6.0.1+dfsg1-1build1
libsvtav1enc1d1=1.7.0+dfsg-2build1
libswresample-dev=7:6.1.1-3ubuntu5
libswresample4=7:6.1.1-3ubuntu5
libswscale-dev=7:6.1.1-3ubuntu5
libswscale7=7:6.1.1-3ubuntu5
libsz2=1.1.2-1build1
libtbb-dev=2021.11.0-2ubuntu2
libtbb12=2021.11.0-2ubuntu2
libtbbbind-2-5=2021.11.0-2ubuntu2
libtbbmalloc2=2021.11.0-2ubuntu2
libtcl8.6=8.6.14+dfsg-1build1
libtesseract5=5.3.4-1build5
libtheora-dev=1.1.1+dfsg.1-16.1build3
libtheora0=1.1.1+dfsg.1-16.1build3
libtiff-dev=4.5.1+git230720-4ubuntu2.5
libtiffxx6=4.5.1+git230720-4ubuntu2.5
libtirpc-common=1.3.4+ds-1.1build1
libtirpc-dev=1.3.4+ds-1.1build1
libtirpc3t64=1.3.4+ds-1.1build1
libtk8.6=8.6.14-1build1
libtwolame0=0.4.0-2build3
libucx0=1.16.0+ds-5ubuntu1
libudev-dev=255.4-1ubuntu8.17
libudfread0=1.1.2-1build1
libunibreak5=5.1-2build1
libunwind8=1.6.2-3build1.1
liburdfdom-dev=4.0.0-0ubuntu1
liburdfdom-headers-dev=1.0.5-3
liburdfdom-model-state4.0=4.0.0-0ubuntu1
liburdfdom-model4.0=4.0.0-0ubuntu1
liburdfdom-sensor4.0=4.0.0-0ubuntu1
liburdfdom-world4.0=4.0.0-0ubuntu1
liburiparser-dev=0.9.7+dfsg-2build1
liburiparser1=0.9.7+dfsg-2build1
libusb-1.0-0=2:1.0.27-1
libuuid1=2.39.3-9ubuntu6.6
libva-drm2=2.20.0-2ubuntu0.2
libva-x11-2=2.20.0-2ubuntu0.2
libva2=2.20.0-2ubuntu0.2
libvdpau1=1.5-2build1
libvidstab1.1=1.1.0-2build1
libvorbis0a=1.3.7-1build3
libvorbisenc2=1.3.7-1build3
libvorbisfile3=1.3.7-1build3
libvpl2=2023.3.0-1build1
libvpx9=1.14.0-1ubuntu2.3
libvtk9.1t64=9.1.0+really9.1.0+dfsg2-7.1build3
libvulkan-dev=1.3.275.0-1build1
libvulkan1=1.3.275.0-1build1
libwacom-common=2.10.0-2
libwacom9=2.10.0-2
libwayland-bin=1.22.0-2.1build1
libwayland-client0=1.22.0-2.1build1
libwayland-cursor0=1.22.0-2.1build1
libwayland-dev=1.22.0-2.1build1
libwayland-egl1=1.22.0-2.1build1
libwayland-server0=1.22.0-2.1build1
libwebp-dev=1.3.2-0.4build3
libwebpdecoder3=1.3.2-0.4build3
libwebpdemux2=1.3.2-0.4build3
libwebpmux3=1.3.2-0.4build3
libx11-dev=2:1.8.7-1build1
libx11-xcb-dev=2:1.8.7-1build1
libx11-xcb1=2:1.8.7-1build1
libx264-164=2:0.164.3108+git31e19f9-1
libx265-199=3.5-2build1
libx265-dev=3.5-2build1
libxau-dev=1:1.0.9-1build6
libxaw7-dev=2:1.0.14-1build2
libxcb-dri3-0=1.15-1ubuntu2
libxcb-glx0=1.15-1ubuntu2
libxcb-icccm4=0.4.1-1.1build3
libxcb-image0=0.4.0-2build1
libxcb-keysyms1=0.4.0-1build4
libxcb-present0=1.15-1ubuntu2
libxcb-randr0-dev=1.15-1ubuntu2
libxcb-randr0=1.15-1ubuntu2
libxcb-render-util0=0.3.9-1build4
libxcb-render0-dev=1.15-1ubuntu2
libxcb-shape0=1.15-1ubuntu2
libxcb-sync1=1.15-1ubuntu2
libxcb-util1=0.4.0-1build3
libxcb-xfixes0=1.15-1ubuntu2
libxcb-xinerama0=1.15-1ubuntu2
libxcb-xinput0=1.15-1ubuntu2
libxcb-xkb1=1.15-1ubuntu2
libxcb1-dev=1.15-1ubuntu2
libxcursor-dev=1:1.2.1-1build1
libxcursor1=1:1.2.1-1build1
libxdmcp-dev=1:1.1.3-0ubuntu6
libxerces-c-dev=3.2.4+debian-1.2ubuntu2
libxerces-c3.2t64=3.2.4+debian-1.2ubuntu2
libxext-dev=2:1.3.4-1build2
libxfixes-dev=1:6.0.0-2build1
libxfixes3=1:6.0.0-2build1
libxft2=2.3.6-1build1
libxi-dev=2:1.8.1-1build1
libxi6=2:1.8.1-1build1
libxinerama-dev=2:1.1.4-3build1
libxinerama1=2:1.1.4-3build1
libxkbcommon-dev=1.6.0-1build1
libxkbcommon-x11-0=1.6.0-1build1
libxkbcommon0=1.6.0-1build1
libxml2-dev=2.9.14+dfsg-1.3ubuntu3.8
libxmu-dev=2:1.1.3-3build2
libxmu-headers=2:1.1.3-3build2
libxnvctrl0=510.47.03-0ubuntu4.24.04.1
libxpm-dev=1:3.5.17-1ubuntu0.24.04.1
libxrandr-dev=2:1.5.2-2build1
libxrandr2=2:1.5.2-2build1
libxrender-dev=1:0.9.10-1.1build1
libxshmfence1=1.3-1build5
libxss-dev=1:1.2.3-1build3
libxss1=1:1.2.3-1build3
libxt-dev=1:1.2.1-1.2build1
libxv-dev=2:1.0.11-1.1build1
libxv1=2:1.0.11-1.1build1
libxvidcore4=2:1.3.7-1build1
libxxf86vm-dev=1:1.1.4-1build4
libxxf86vm1=1:1.1.4-1build4
libzimg2=3.0.5+ds1-1build1
libzip-dev=1.7.3-1.1ubuntu2
libzip4t64=1.7.3-1.1ubuntu2
libzix-0-0=0.4.2-2build1
libzmq3-dev=4.3.5-1build2
libzmq5=4.3.5-1build2
libzvbi-common=0.2.42-2
libzvbi0t64=0.2.42-2
libzzip-0-13t64=0.13.72+dfsg.1-1.2build1
libzzip-dev=0.13.72+dfsg.1-1.2build1
m4=1.4.19-4build1
mesa-libgallium=25.2.8-0ubuntu0.24.04.2
mount=2.39.3-9ubuntu6.6
mysql-common=5.8+1.1.0build1
ocl-icd-libopencl1=2.3.2-1build1
proj-data=9.4.0-1build2
protobuf-compiler=3.21.12-8.2ubuntu0.3
pyqt5-dev=5.15.10+dfsg-1build6
python-matplotlib-data=3.6.3-1ubuntu5
python3-appdirs=1.4.4-4
python3-attr=23.2.0-2
python3-brotli=1.1.0-2build2
python3-contourpy=1.0.7-2build1
python3-cycler=0.11.0-2
python3-decorator=5.1.1-5
python3-fonttools=4.46.0-1build2
python3-fs=2.4.16-3
python3-kiwisolver=1.4.4-2build1
python3-lz4=4.0.2+dfsg-1build4
python3-matplotlib=3.6.3-1ubuntu5
python3-mpmath=1.2.1-3
python3-opencv=4.6.0+dfsg-13.1ubuntu1
python3-pil.imagetk=10.2.0-1ubuntu1.2
python3-pil=10.2.0-1ubuntu1.2
python3-pip-whl=24.0+dfsg-1ubuntu1.3
python3-protobuf=3.21.12-8.2ubuntu0.3
python3-pyqt5.qtsvg=5.15.10+dfsg-1build6
python3-pyqt5.sip=12.13.0-1build3
python3-pyqt5=5.15.10+dfsg-1build6
python3-pyside2.qtcore=5.15.13-1
python3-pyside2.qtgui=5.15.13-1
python3-pyside2.qtsvg=5.15.13-1
python3-pyside2.qtwidgets=5.15.13-1
python3-scipy=1.11.4-6build1
python3-setuptools-whl=68.1.2-2ubuntu1.2
python3-sip-dev=4.19.25+dfsg-5build3
python3-sip=4.19.25+dfsg-5build3
python3-sympy=1.12-7
python3-tk=3.12.3-0ubuntu1
python3-tz=2024.1-2
python3-ufolib2=0.16.0+dfsg1-1
python3-unicodedata2=15.1.0+ds-1build1
python3-venv=3.12.3-0ubuntu2.1
python3-wheel=0.42.0-2
python3.12-venv=3.12.3-1ubuntu0.15
qml-module-qt-labs-folderlistmodel=5.15.13+dfsg-1ubuntu0.1
qml-module-qt-labs-platform=5.15.13+dfsg-1
qml-module-qt-labs-settings=5.15.13+dfsg-1ubuntu0.1
qml-module-qtcharts=5.15.13-1
qml-module-qtgraphicaleffects=5.15.13-1
qml-module-qtlocation=5.15.13+dfsg-1
qml-module-qtpositioning=5.15.13+dfsg-1
qml-module-qtqml-models2=5.15.13+dfsg-1ubuntu0.1
qml-module-qtqml=5.15.13+dfsg-1ubuntu0.1
qml-module-qtquick-controls2=5.15.13+dfsg-1
qml-module-qtquick-controls=5.15.13-1
qml-module-qtquick-dialogs=5.15.13-1
qml-module-qtquick-extras=5.15.13-1
qml-module-qtquick-layouts=5.15.13+dfsg-1ubuntu0.1
qml-module-qtquick-privatewidgets=5.15.13-1
qml-module-qtquick-templates2=5.15.13+dfsg-1
qml-module-qtquick-window2=5.15.13+dfsg-1ubuntu0.1
qml-module-qtquick2=5.15.13+dfsg-1ubuntu0.1
qt5-qmake-bin=5.15.13+dfsg-1ubuntu1
qt5-qmake=5.15.13+dfsg-1ubuntu1
qt5-qmltooling-plugins=5.15.13+dfsg-1ubuntu0.1
qtbase5-dev-tools=5.15.13+dfsg-1ubuntu1
qtbase5-dev=5.15.13+dfsg-1ubuntu1
qtchooser=66-2build2
qtdeclarative5-dev-tools=5.15.13+dfsg-1ubuntu0.1
qtdeclarative5-dev=5.15.13+dfsg-1ubuntu0.1
qtquickcontrols2-5-dev=5.15.13+dfsg-1
rake=13.0.6-3
rapidjson-dev=1.1.0+dfsg2-7.2
ros-jazzy-actuator-msgs=0.0.1-4noble.20260615.104602
ros-jazzy-compressed-depth-image-transport=4.0.7-1noble.20260615.172909
ros-jazzy-compressed-image-transport=4.0.7-1noble.20260615.172914
ros-jazzy-cv-bridge=4.1.0-1noble.20260615.144656
ros-jazzy-gps-msgs=2.1.2-1noble.20260615.110354
ros-jazzy-gz-cmake-vendor=0.0.11-1noble.20260225.223100
ros-jazzy-gz-common-vendor=0.0.9-1noble.20260422.124815
ros-jazzy-gz-dartsim-vendor=0.0.3-1noble.20260225.232143
ros-jazzy-gz-fuel-tools-vendor=0.0.6-1noble.20260423.081524
ros-jazzy-gz-gui-vendor=0.0.5-1noble.20260425.071107
ros-jazzy-gz-math-vendor=0.0.9-1noble.20260422.120700
ros-jazzy-gz-msgs-vendor=0.0.6-1noble.20260423.060450
ros-jazzy-gz-ogre-next-vendor=0.0.5-1noble.20260225.232146
ros-jazzy-gz-physics-vendor=0.0.7-1noble.20260604.105412
ros-jazzy-gz-plugin-vendor=0.0.5-1noble.20260226.000520
ros-jazzy-gz-rendering-vendor=0.0.7-1noble.20260425.063708
ros-jazzy-gz-sensors-vendor=0.0.6-1noble.20260604.105419
ros-jazzy-gz-sim-vendor=0.0.10-1noble.20260604.111001
ros-jazzy-gz-tools-vendor=0.0.7-1noble.20260225.231255
ros-jazzy-gz-transport-vendor=0.0.7-1noble.20260423.081526
ros-jazzy-gz-utils-vendor=0.0.5-1noble.20260225.231257
ros-jazzy-image-transport-plugins=4.0.7-1noble.20260615.174426
ros-jazzy-image-transport=5.1.8-1noble.20260615.144252
ros-jazzy-interactive-markers=2.5.5-1noble.20260615.152342
ros-jazzy-laser-geometry=2.7.2-1noble.20260615.144235
ros-jazzy-libcurl-vendor=3.4.4-1noble.20260225.235243
ros-jazzy-map-msgs=2.4.1-2noble.20260615.113621
ros-jazzy-marine-acoustic-msgs=2.1.0-2noble.20260615.112002
ros-jazzy-point-cloud-transport=4.0.8-1noble.20260615.144257
ros-jazzy-python-qt-binding=2.2.2-1noble.20260226.000339
ros-jazzy-qt-gui-cpp=2.7.6-1noble.20260604.104244
ros-jazzy-qt-gui-py-common=2.7.6-1noble.20260519.011126
ros-jazzy-qt-gui=2.7.6-1noble.20260519.011141
ros-jazzy-resource-retriever=3.4.4-1noble.20260603.152233
ros-jazzy-ros-gz-bridge=1.0.22-1noble.20260615.142443
ros-jazzy-ros-gz-image=1.0.22-1noble.20260615.145009
ros-jazzy-ros-gz-interfaces=1.0.22-1noble.20260615.112415
ros-jazzy-ros-gz-sim-demos=1.0.22-1noble.20260615.175319
ros-jazzy-ros-gz-sim=1.0.22-1noble.20260615.173223
ros-jazzy-ros-gz=1.0.22-1noble.20260616.074726
ros-jazzy-rqt-gui-cpp=1.6.4-1noble.20260615.163721
ros-jazzy-rqt-gui-py=1.6.4-1noble.20260615.173343
ros-jazzy-rqt-gui=1.6.4-1noble.20260615.145441
ros-jazzy-rqt-image-view=1.3.0-2noble.20260615.164234
ros-jazzy-rqt-plot=1.4.5-1noble.20260615.173938
ros-jazzy-rqt-py-common=1.6.4-1noble.20260615.145450
ros-jazzy-rqt-topic=1.7.5-1noble.20260615.174130
ros-jazzy-rviz-assimp-vendor=14.1.22-1noble.20260608.072411
ros-jazzy-rviz-common=14.1.22-1noble.20260615.150842
ros-jazzy-rviz-default-plugins=14.1.22-1noble.20260615.153429
ros-jazzy-rviz-ogre-vendor=14.1.22-1noble.20260608.072426
ros-jazzy-rviz-rendering=14.1.22-1noble.20260608.080750
ros-jazzy-rviz2=14.1.22-1noble.20260615.174609
ros-jazzy-sdformat-urdf=1.0.2-1noble.20260604.105352
ros-jazzy-sdformat-vendor=0.0.11-1noble.20260604.104102
ros-jazzy-simulation-interfaces=1.5.1-1noble.20260615.112513
ros-jazzy-tango-icons-vendor=0.3.1-1noble.20260225.230515
ros-jazzy-theora-image-transport=4.0.7-1noble.20260615.145550
ros-jazzy-vision-msgs=4.1.1-3noble.20260615.113052
ros-jazzy-xacro=2.1.1-1noble.20260519.011123
ros-jazzy-zstd-image-transport=4.0.7-1noble.20260615.173013
ruby-net-telnet=0.2.0-1
ruby-rubygems=3.4.20-1
ruby-sdbm=1.0.0-5build4
ruby-webrick=1.8.1-1ubuntu0.2
ruby-xmlrpc=0.3.2-2
ruby3.2=3.2.3-1ubuntu0.24.04.8
ruby=1:3.2~ubuntu1
rubygems-integration=1.18
shared-mime-info=2.4-4
shiboken2=5.15.13-1
sip-dev=4.19.25+dfsg-5build3
spirv-headers=1.6.1+1.4.309.0-1~ubuntu0.24.04.2
spirv-tools=2025.1~rc1-1~ubuntu0.24.04.2
tango-icon-theme=0.8.90-11
tk8.6-blt2.5=2.5.3+dfsg-7build1
unicode-data=15.1.0-1
unixodbc-common=2.3.12-1ubuntu0.24.04.1
unixodbc-dev=2.3.12-1ubuntu0.24.04.1
util-linux=2.39.3-9ubuntu6.6
uuid-dev=2.39.3-9ubuntu6.6
x11proto-dev=2023.2-1
xkb-data=2.41-2ubuntu1.1
xorg-sgml-doctools=1:1.11-1.1
xtrans-dev=1.4.0-1
zlib1g-dev=1:1.3.dfsg-3.1ubuntu2.2
zlib1g=1:1.3.dfsg-3.1ubuntu2.2
